
Microsoft Visual Studio Solution File, Format Version 12.00
# Visual Studio 2013
VisualStudioVersion = 12.0.21005.1
MinimumVisualStudioVersion = 10.0.40219.1
Project("{FAE04EC0-301F-11D3-BF4B-00C04F79EFBC}") = "MagnoMedia.Windows", "Wizard\MagnoMedia.Windows.csproj", "{C913339C-3EC2-47DF-B195-7BE9C331E04D}"
EndProject
Project("{FAE04EC0-301F-11D3-BF4B-00C04F79EFBC}") = "MagnoMedia.Web.Api", "MediaMongoAPI\MagnoMedia.Web.Api.csproj", "{C3914780-D778-44D1-B1E4-C6A6EC3C0ADC}"
EndProject
Project("{FAE04EC0-301F-11D3-BF4B-00C04F79EFBC}") = "MagnoMedia.Data", "MangoMediaData\MagnoMedia.Data.csproj", "{C0BE800C-6CE4-4A23-9B61-2A74E6D1B03E}"
EndProject
Project("{FAE04EC0-301F-11D3-BF4B-00C04F79EFBC}") = "MagnoMedia.Common", "MagnoMedia.Common\MagnoMedia.Common.csproj", "{2D261A29-6633-4504-A580-8AE2A456195E}"
EndProject
Project("{FAE04EC0-301F-11D3-BF4B-00C04F79EFBC}") = "MagnoMedia.Web", "MagnoMedia.Web\MagnoMedia.Web.csproj", "{9FF4580D-2A6C-4B49-BB9C-DF736173047F}"
EndProject
Project("{FAE04EC0-301F-11D3-BF4B-00C04F79EFBC}") = "MagnoMedia.Windows.Installer", "MagnoMedia.Windows.Installer\MagnoMedia.Windows.Installer.csproj", "{50610728-B4A8-4B3A-824F-32123DDA10A7}"
EndProject
Global
	GlobalSection(SolutionConfigurationPlatforms) = preSolution
		Debug|Any CPU = Debug|Any CPU
		Release|Any CPU = Release|Any CPU
	EndGlobalSection
	GlobalSection(ProjectConfigurationPlatforms) = postSolution
		{C913339C-3EC2-47DF-B195-7BE9C331E04D}.Debug|Any CPU.ActiveCfg = Debug|Any CPU
		{C913339C-3EC2-47DF-B195-7BE9C331E04D}.Debug|Any CPU.Build.0 = Debug|Any CPU
		{C913339C-3EC2-47DF-B195-7BE9C331E04D}.Release|Any CPU.ActiveCfg = Release|Any CPU
		{C913339C-3EC2-47DF-B195-7BE9C331E04D}.Release|Any CPU.Build.0 = Release|Any CPU
		{C3914780-D778-44D1-B1E4-C6A6EC3C0ADC}.Debug|Any CPU.ActiveCfg = Debug|Any CPU
		{C3914780-D778-44D1-B1E4-C6A6EC3C0ADC}.Debug|Any CPU.Build.0 = Debug|Any CPU
		{C3914780-D778-44D1-B1E4-C6A6EC3C0ADC}.Release|Any CPU.ActiveCfg = Release|Any CPU
		{C3914780-D778-44D1-B1E4-C6A6EC3C0ADC}.Release|Any CPU.Build.0 = Release|Any CPU
		{C0BE800C-6CE4-4A23-9B61-2A74E6D1B03E}.Debug|Any CPU.ActiveCfg = Debug|Any CPU
		{C0BE800C-6CE4-4A23-9B61-2A74E6D1B03E}.Debug|Any CPU.Build.0 = Debug|Any CPU
		{C0BE800C-6CE4-4A23-9B61-2A74E6D1B03E}.Release|Any CPU.ActiveCfg = Release|Any CPU
		{C0BE800C-6CE4-4A23-9B61-2A74E6D1B03E}.Release|Any CPU.Build.0 = Release|Any CPU
		{2D261A29-6633-4504-A580-8AE2A456195E}.Debug|Any CPU.ActiveCfg = Debug|Any CPU
		{2D261A29-6633-4504-A580-8AE2A456195E}.Debug|Any CPU.Build.0 = Debug|Any CPU
		{2D261A29-6633-4504-A580-8AE2A456195E}.Release|Any CPU.ActiveCfg = Release|Any CPU
		{2D261A29-6633-4504-A580-8AE2A456195E}.Release|Any CPU.Build.0 = Release|Any CPU
		{9FF4580D-2A6C-4B49-BB9C-DF736173047F}.Debug|Any CPU.ActiveCfg = Debug|Any CPU
		{9FF4580D-2A6C-4B49-BB9C-DF736173047F}.Debug|Any CPU.Build.0 = Debug|Any CPU
		{9FF4580D-2A6C-4B49-BB9C-DF736173047F}.Release|Any CPU.ActiveCfg = Release|Any CPU
		{9FF4580D-2A6C-4B49-BB9C-DF736173047F}.Release|Any CPU.Build.0 = Release|Any CPU
		{50610728-B4A8-4B3A-824F-32123DDA10A7}.Debug|Any CPU.ActiveCfg = Debug|Any CPU
		{50610728-B4A8-4B3A-824F-32123DDA10A7}.Debug|Any CPU.Build.0 = Debug|Any CPU
		{50610728-B4A8-4B3A-824F-32123DDA10A7}.Release|Any CPU.ActiveCfg = Release|Any CPU
		{50610728-B4A8-4B3A-824F-32123DDA10A7}.Release|Any CPU.Build.0 = Release|Any CPU
	EndGlobalSection
	GlobalSection(SolutionProperties) = preSolution
		HideSolutionNode = FALSE
	EndGlobalSection
EndGlobal
